
Microsoft Visual Studio Solution File, Format Version 12.00
# Visual Studio Version 16
VisualStudioVersion = 16.0.31515.178
MinimumVisualStudioVersion = 10.0.40219.1
Project("{888888A0-9F3D-457C-B088-3A5042F75D52}") = "Hianyzasok", "Hianyzasok\Hianyzasok.pyproj", "{F5F716F2-E379-4513-8288-F802CD471CB9}"
EndProject
Global
	GlobalSection(SolutionConfigurationPlatforms) = preSolution
		Debug|Any CPU = Debug|Any CPU
		Release|Any CPU = Release|Any CPU
	EndGlobalSection
	GlobalSection(ProjectConfigurationPlatforms) = postSolution
		{F5F716F2-E379-4513-8288-F802CD471CB9}.Debug|Any CPU.ActiveCfg = Debug|Any CPU
		{F5F716F2-E379-4513-8288-F802CD471CB9}.Release|Any CPU.ActiveCfg = Release|Any CPU
	EndGlobalSection
	GlobalSection(SolutionProperties) = preSolution
		HideSolutionNode = FALSE
	EndGlobalSection
	GlobalSection(ExtensibilityGlobals) = postSolution
		SolutionGuid = {EBC8B08D-6E6F-42FC-82DD-C8E31C3E8A35}
	EndGlobalSection
EndGlobal
